# This file is automatically @generated by Poetry 1.4.2 and should not be changed by hand.

[[package]]
name = "numpy"
version = "1.24.3"
description = "Fundamental package for array computing in Python"
category = "main"
optional = false
python-versions = ">=3.8"
files = [
    {file = "numpy-1.24.3-cp310-cp310-macosx_10_9_x86_64.whl", hash = "sha256:3c1104d3c036fb81ab923f507536daedc718d0ad5a8707c6061cdfd6d184e570"},
    {file = "numpy-1.24.3-cp310-cp310-macosx_11_0_arm64.whl", hash = "sha256:202de8f38fc4a45a3eea4b63e2f376e5f2dc64ef0fa692838e31a808520efaf7"},
    {file = "numpy-1.24.3-cp310-cp310-manylinux_2_17_aarch64.manylinux2014_aarch64.whl", hash = "sha256:8535303847b89aa6b0f00aa1dc62867b5a32923e4d1681a35b5eef2d9591a463"},
    {file = "numpy-1.24.3-cp310-cp310-manylinux_2_17_x86_64.manylinux2014_x86_64.whl", hash = "sha256:2d926b52ba1367f9acb76b0df6ed21f0b16a1ad87c6720a1121674e5cf63e2b6"},
    {file = "numpy-1.24.3-cp310-cp310-win32.whl", hash = "sha256:f21c442fdd2805e91799fbe044a7b999b8571bb0ab0f7850d0cb9641a687092b"},
    {file = "numpy-1.24.3-cp310-cp310-win_amd64.whl", hash = "sha256:ab5f23af8c16022663a652d3b25dcdc272ac3f83c3af4c02eb8b824e6b3ab9d7"},
    {file = "numpy-1.24.3-cp311-cp311-macosx_10_9_x86_64.whl", hash = "sha256:9a7721ec204d3a237225db3e194c25268faf92e19338a35f3a224469cb6039a3"},
    {file = "numpy-1.24.3-cp311-cp311-macosx_11_0_arm64.whl", hash = "sha256:d6cc757de514c00b24ae8cf5c876af2a7c3df189028d68c0cb4eaa9cd5afc2bf"},
    {file = "numpy-1.24.3-cp311-cp311-manylinux_2_17_aarch64.manylinux2014_aarch64.whl", hash = "sha256:76e3f4e85fc5d4fd311f6e9b794d0c00e7002ec122be271f2019d63376f1d385"},
    {file = "numpy-1.24.3-cp311-cp311-manylinux_2_17_x86_64.manylinux2014_x86_64.whl", hash = "sha256:a1d3c026f57ceaad42f8231305d4653d5f05dc6332a730ae5c0bea3513de0950"},
    {file = "numpy-1.24.3-cp311-cp311-win32.whl", hash = "sha256:c91c4afd8abc3908e00a44b2672718905b8611503f7ff87390cc0ac3423fb096"},
    {file = "numpy-1.24.3-cp311-cp311-win_amd64.whl", hash = "sha256:5342cf6aad47943286afa6f1609cad9b4266a05e7f2ec408e2cf7aea7ff69d80"},
    {file = "numpy-1.24.3-cp38-cp38-macosx_10_9_x86_64.whl", hash = "sha256:7776ea65423ca6a15255ba1872d82d207bd1e09f6d0894ee4a64678dd2204078"},
    {file = "numpy-1.24.3-cp38-cp38-macosx_11_0_arm64.whl", hash = "sha256:ae8d0be48d1b6ed82588934aaaa179875e7dc4f3d84da18d7eae6eb3f06c242c"},
    {file = "numpy-1.24.3-cp38-cp38-manylinux_2_17_aarch64.manylinux2014_aarch64.whl", hash = "sha256:ecde0f8adef7dfdec993fd54b0f78183051b6580f606111a6d789cd14c61ea0c"},
    {file = "numpy-1.24.3-cp38-cp38-manylinux_2_17_x86_64.manylinux2014_x86_64.whl", hash = "sha256:4749e053a29364d3452c034827102ee100986903263e89884922ef01a0a6fd2f"},
    {file = "numpy-1.24.3-cp38-cp38-win32.whl", hash = "sha256:d933fabd8f6a319e8530d0de4fcc2e6a61917e0b0c271fded460032db42a0fe4"},
    {file = "numpy-1.24.3-cp38-cp38-win_amd64.whl", hash = "sha256:56e48aec79ae238f6e4395886b5eaed058abb7231fb3361ddd7bfdf4eed54289"},
    {file = "numpy-1.24.3-cp39-cp39-macosx_10_9_x86_64.whl", hash = "sha256:4719d5aefb5189f50887773699eaf94e7d1e02bf36c1a9d353d9f46703758ca4"},
    {file = "numpy-1.24.3-cp39-cp39-macosx_11_0_arm64.whl", hash = "sha256:0ec87a7084caa559c36e0a2309e4ecb1baa03b687201d0a847c8b0ed476a7187"},
    {file = "numpy-1.24.3-cp39-cp39-manylinux_2_17_aarch64.manylinux2014_aarch64.whl", hash = "sha256:ea8282b9bcfe2b5e7d491d0bf7f3e2da29700cec05b49e64d6246923329f2b02"},
    {file = "numpy-1.24.3-cp39-cp39-manylinux_2_17_x86_64.manylinux2014_x86_64.whl", hash = "sha256:210461d87fb02a84ef243cac5e814aad2b7f4be953b32cb53327bb49fd77fbb4"},
    {file = "numpy-1.24.3-cp39-cp39-win32.whl", hash = "sha256:784c6da1a07818491b0ffd63c6bbe5a33deaa0e25a20e1b3ea20cf0e43f8046c"},
    {file = "numpy-1.24.3-cp39-cp39-win_amd64.whl", hash = "sha256:d5036197ecae68d7f491fcdb4df90082b0d4960ca6599ba2659957aafced7c17"},
    {file = "numpy-1.24.3-pp38-pypy38_pp73-macosx_10_9_x86_64.whl", hash = "sha256:352ee00c7f8387b44d19f4cada524586f07379c0d49270f87233983bc5087ca0"},
    {file = "numpy-1.24.3-pp38-pypy38_pp73-manylinux_2_17_x86_64.manylinux2014_x86_64.whl", hash = "sha256:1a7d6acc2e7524c9955e5c903160aa4ea083736fde7e91276b0e5d98e6332812"},
    {file = "numpy-1.24.3-pp38-pypy38_pp73-win_amd64.whl", hash = "sha256:35400e6a8d102fd07c71ed7dcadd9eb62ee9a6e84ec159bd48c28235bbb0f8e4"},
    {file = "numpy-1.24.3.tar.gz", hash = "sha256:ab344f1bf21f140adab8e47fdbc7c35a477dc01408791f8ba00d018dd0bc5155"},
]

[[package]]
name = "onnx"
version = "1.14.0"
description = "Open Neural Network Exchange"
category = "main"
optional = false
python-versions = "*"
files = [
    {file = "onnx-1.14.0-cp310-cp310-macosx_10_12_universal2.whl", hash = "sha256:fb35c2c347486416f87f41557242c05d7ee804d3676c6c8c98eef6f5b1889e7b"},
    {file = "onnx-1.14.0-cp310-cp310-macosx_10_12_x86_64.whl", hash = "sha256:cd683d4aa6d55365582055a6c1e10a55d6c08a59e9216cbb67e37ad3a5b2b980"},
    {file = "onnx-1.14.0-cp310-cp310-manylinux_2_17_aarch64.manylinux2014_aarch64.whl", hash = "sha256:00b0d2620c10dcb9ec33441e807dc5851d2843d445e0faab5e22c8ad6874a67a"},
    {file = "onnx-1.14.0-cp310-cp310-manylinux_2_17_x86_64.manylinux2014_x86_64.whl", hash = "sha256:01893a4a2d70b68e8ee20269ccde4069a6fd243dc9e296643e2afeb0050527bc"},
    {file = "onnx-1.14.0-cp310-cp310-win32.whl", hash = "sha256:0753b0f118be71ff109dd994a3d6769e5871e9feaddfada77931c63f9de534b3"},
    {file = "onnx-1.14.0-cp310-cp310-win_amd64.whl", hash = "sha256:d8c3a2354d9d997c7a4a5e467b5373c98dc549d4a33c77d5723e1eda7e87559c"},
    {file = "onnx-1.14.0-cp311-cp311-macosx_10_12_universal2.whl", hash = "sha256:5e780fd1ed25493596a141e93303d0b2897acb9ebfdee7047a916d8f8e525ab3"},
    {file = "onnx-1.14.0-cp311-cp311-macosx_10_12_x86_64.whl", hash = "sha256:9d28d64cbac3ebdc0c9761a300340c60ec60316099906e354e5059e90335fb3b"},
    {file = "onnx-1.14.0-cp311-cp311-manylinux_2_17_aarch64.manylinux2014_aarch64.whl", hash = "sha256:ba92fed1aa27cba385bc3890fbbe6484603e837e67c957b22899f93c70990cc4"},
    {file = "onnx-1.14.0-cp311-cp311-manylinux_2_17_x86_64.manylinux2014_x86_64.whl", hash = "sha256:2fab7e6e1c2d9d6479edad8e9088cdfd87ea293cb08f31565adabfb33c6e5789"},
    {file = "onnx-1.14.0-cp311-cp311-win32.whl", hash = "sha256:6e966f5ef38a0521595cad6a1d14d9ae205c593d2824d8c1fa044fa5ba15370d"},
    {file = "onnx-1.14.0-cp311-cp311-win_amd64.whl", hash = "sha256:1fe8ba794d261d722018bd1385f02f966aace0fcb5448881ab5dd55ab0ebb81b"},
    {file = "onnx-1.14.0-cp37-cp37m-macosx_10_12_universal2.whl", hash = "sha256:c16dacf577700ff9cb076c61c880d1a4bc612eed96280396a54ee1e1bd7e2d68"},
    {file = "onnx-1.14.0-cp37-cp37m-macosx_10_12_x86_64.whl", hash = "sha256:bbdca51da9fa9ec43eebd8c640bf71c05daa2afbeaa2c6478466470e28e41111"},
    {file = "onnx-1.14.0-cp37-cp37m-manylinux_2_17_aarch64.manylinux2014_aarch64.whl", hash = "sha256:3315c304d23a06ebd07fffe2456ab7f1e0a8dba317393d5c17a671ae2da6645e"},
    {file = "onnx-1.14.0-cp37-cp37m-manylinux_2_17_x86_64.manylinux2014_x86_64.whl", hash = "sha256:ac1545159f2e7fbc5b4a3ae032cd4d9ddeafc62c4f27fe22cbc3ecff49338992"},
    {file = "onnx-1.14.0-cp37-cp37m-win32.whl", hash = "sha256:18cd98f7e234e268cb60c47a1f8ea5f6ffba50fe11de924b17498b1571d0cd2c"},
    {file = "onnx-1.14.0-cp37-cp37m-win_amd64.whl", hash = "sha256:a8f7454acded506b6359ee0837c8527c64964973d7d25ed6b16b7d4314599502"},
    {file = "onnx-1.14.0-cp38-cp38-macosx_10_12_universal2.whl", hash = "sha256:a9702e7dd120bca421a820020151cbb1003077e17ded29cc8d44ff32a9a57ad8"},
    {file = "onnx-1.14.0-cp38-cp38-macosx_10_12_x86_64.whl", hash = "sha256:369c3ecace7e8c7df6efbcbc712b262626796ae4a83decd29111afafa025a30c"},
    {file = "onnx-1.14.0-cp38-cp38-manylinux_2_17_aarch64.manylinux2014_aarch64.whl", hash = "sha256:6fbcdc1a0c1057785bc5f7254aca0cf0b49d19c74696f1ade107638054157315"},
    {file = "onnx-1.14.0-cp38-cp38-manylinux_2_17_x86_64.manylinux2014_x86_64.whl", hash = "sha256:ed099fbdada4accead109a4479d5f73fb974566cce8d3c6fca94774f9645934c"},
    {file = "onnx-1.14.0-cp38-cp38-win32.whl", hash = "sha256:296e689aa54a9ae4e560b2bb149a64e96775699a0624af5f631665b9cda90482"},
    {file = "onnx-1.14.0-cp38-cp38-win_amd64.whl", hash = "sha256:e1607f97007515df303c1f40b77363545af99a1f32d2f73240c8aa526cdbd109"},
    {file = "onnx-1.14.0-cp39-cp39-macosx_10_12_universal2.whl", hash = "sha256:7800b6ec74b1fe3fbb3bf4a2380e2f4007c1a7f2d6927599ad40eead6eae5e19"},
    {file = "onnx-1.14.0-cp39-cp39-macosx_10_12_x86_64.whl", hash = "sha256:45d3effe59e20d0a9fdc51f5bb8f38299086c79576b894ed945e6a058c4b210a"},
    {file = "onnx-1.14.0-cp39-cp39-manylinux_2_17_aarch64.manylinux2014_aarch64.whl", hash = "sha256:a593b46015326feb949781d030cb1d0d5d388cca52bff2e2995badf55d56b38d"},
    {file = "onnx-1.14.0-cp39-cp39-manylinux_2_17_x86_64.manylinux2014_x86_64.whl", hash = "sha256:54614942574415ef3f0bce0800c6f41ecea8201f8042754e204ee8c0a8e473e1"},
    {file = "onnx-1.14.0-cp39-cp39-win32.whl", hash = "sha256:dcfaeb2d15e93c456003fac13ffa35144ba9d2666a83e2cef650dd5c90a2b768"},
    {file = "onnx-1.14.0-cp39-cp39-win_amd64.whl", hash = "sha256:0639427ac61e5a0181f4f7c89f9fc82b3c9715c95071f9c3de79bbe303a4ae65"},
    {file = "onnx-1.14.0.tar.gz", hash = "sha256:43b85087c6b919de66872a043c7f4899fe6f840e11ffca7e662b2ce9e4cc2927"},
]

[package.dependencies]
numpy = "*"
protobuf = ">=3.20.2"
typing-extensions = ">=3.6.2.1"

[package.extras]
lint = ["lintrunner (>=0.10.0)", "lintrunner-adapters (>=0.3)"]

[[package]]
name = "protobuf"
version = "4.23.1"
description = ""
category = "main"
optional = false
python-versions = ">=3.7"
files = [
    {file = "protobuf-4.23.1-cp310-abi3-win32.whl", hash = "sha256:410bcc0a5b279f634d3e16082ce221dfef7c3392fac723500e2e64d1806dd2be"},
    {file = "protobuf-4.23.1-cp310-abi3-win_amd64.whl", hash = "sha256:32e78beda26d7a101fecf15d7a4a792278a0d26a31bc327ff05564a9d68ab8ee"},
    {file = "protobuf-4.23.1-cp37-abi3-macosx_10_9_universal2.whl", hash = "sha256:f9510cac91e764e86acd74e2b7f7bc5e6127a7f3fb646d7c8033cfb84fd1176a"},
    {file = "protobuf-4.23.1-cp37-abi3-manylinux2014_aarch64.whl", hash = "sha256:346990f634272caac1f09efbcfbbacb23098b1f606d172534c6fa2d9758bb436"},
    {file = "protobuf-4.23.1-cp37-abi3-manylinux2014_x86_64.whl", hash = "sha256:3ce113b3f3362493bddc9069c2163a38f240a9ed685ff83e7bcb756b05e1deb0"},
    {file = "protobuf-4.23.1-cp37-cp37m-win32.whl", hash = "sha256:2036a3a1e7fc27f973fa0a7888dce712393af644f4695385f117886abc792e39"},
    {file = "protobuf-4.23.1-cp37-cp37m-win_amd64.whl", hash = "sha256:3b8905eafe4439076e1f58e9d1fa327025fd2777cf90f14083092ae47f77b0aa"},
    {file = "protobuf-4.23.1-cp38-cp38-win32.whl", hash = "sha256:5b9cd6097e6acae48a68cb29b56bc79339be84eca65b486910bb1e7a30e2b7c1"},
    {file = "protobuf-4.23.1-cp38-cp38-win_amd64.whl", hash = "sha256:decf119d54e820f298ee6d89c72d6b289ea240c32c521f00433f9dc420595f38"},
    {file = "protobuf-4.23.1-cp39-cp39-win32.whl", hash = "sha256:91fac0753c3c4951fbb98a93271c43cc7cf3b93cf67747b3e600bb1e5cc14d61"},
    {file = "protobuf-4.23.1-cp39-cp39-win_amd64.whl", hash = "sha256:ac50be82491369a9ec3710565777e4da87c6d2e20404e0abb1f3a8f10ffd20f0"},
    {file = "protobuf-4.23.1-py3-none-any.whl", hash = "sha256:65f0ac96ef67d7dd09b19a46aad81a851b6f85f89725577f16de38f2d68ad477"},
    {file = "protobuf-4.23.1.tar.gz", hash = "sha256:95789b569418a3e32a53f43d7763be3d490a831e9c08042539462b6d972c2d7e"},
]

[[package]]
name = "typing-extensions"
version = "4.5.0"
description = "Backported and Experimental Type Hints for Python 3.7+"
category = "main"
optional = false
python-versions = ">=3.7"
files = [
    {file = "typing_extensions-4.5.0-py3-none-any.whl", hash = "sha256:fb33085c39dd998ac16d1431ebc293a8b3eedd00fd4a32de0ff79002c19511b4"},
    {file = "typing_extensions-4.5.0.tar.gz", hash = "sha256:5cb5f4a79139d699607b3ef622a1dedafa84e115ab0024e0d9c044a9479ca7cb"},
]

[metadata]
lock-version = "2.0"
python-versions = "^3.8"
content-hash = "ac6c7a9ceb08f79e62069790e5918a61670ad8c6616db0659abd3a49e46effd3"
